// !$*UTF8*$!
{
	archiveVersion = 1;
	classes = {
	};
	objectVersion = 46;
	objects = {

/* Begin PBXBuildFile section */
		0A13124D1B3D44EF00BF4150 /* AppDelegate.swift in Sources */ = {isa = PBXBuildFile; fileRef = 0A13124C1B3D44EF00BF4150 /* AppDelegate.swift */; };
		0A13124F1B3D44EF00BF4150 /* ViewController.swift in Sources */ = {isa = PBXBuildFile; fileRef = 0A13124E1B3D44EF00BF4150 /* ViewController.swift */; };
		0A1312521B3D44EF00BF4150 /* Main.storyboard in Resources */ = {isa = PBXBuildFile; fileRef = 0A1312501B3D44EF00BF4150 /* Main.storyboard */; };
		0A1312541B3D44EF00BF4150 /* Images.xcassets in Resources */ = {isa = PBXBuildFile; fileRef = 0A1312531B3D44EF00BF4150 /* Images.xcassets */; };
		0A1312571B3D44EF00BF4150 /* LaunchScreen.xib in Resources */ = {isa = PBXBuildFile; fileRef = 0A1312551B3D44EF00BF4150 /* LaunchScreen.xib */; };
		0A1312631B3D44EF00BF4150 /* Pitch_PerfectTests.swift in Sources */ = {isa = PBXBuildFile; fileRef = 0A1312621B3D44EF00BF4150 /* Pitch_PerfectTests.swift */; };
/* End PBXBuildFile section */

/* Begin PBXContainerItemProxy section */
		0A13125D1B3D44EF00BF4150 /* PBXContainerItemProxy */ = {
			isa = PBXContainerItemProxy;
			containerPortal = 0A13123F1B3D44EF00BF4150 /* Project object */;
			proxyType = 1;
			remoteGlobalIDString = 0A1312461B3D44EF00BF4150;
			remoteInfo = "Pitch Perfect";
		};
/* End PBXContainerItemProxy section */

/* Begin PBXFileReference section */
		0A1312471B3D44EF00BF4150 /* Pitch Perfect.app */ = {isa = PBXFileReference; explicitFileType = wrapper.application; includeInIndex = 0; path = "Pitch Perfect.app"; sourceTree = BUILT_PRODUCTS_DIR; };
		0A13124B1B3D44EF00BF4150 /* Info.plist */ = {isa = PBXFileReference; lastKnownFileType = text.plist.xml; path = Info.plist; sourceTree = "<group>"; };
		0A13124C1B3D44EF00BF4150 /* AppDelegate.swift */ = {isa = PBXFileReference; lastKnownFileType = sourcecode.swift; path = AppDelegate.swift; sourceTree = "<group>"; };
		0A13124E1B3D44EF00BF4150 /* ViewController.swift */ = {isa = PBXFileReference; lastKnownFileType = sourcecode.swift; path = ViewController.swift; sourceTree = "<group>"; };
		0A1312511B3D44EF00BF4150 /* Base */ = {isa = PBXFileReference; lastKnownFileType = file.storyboard; name = Base; path = Base.lproj/Main.storyboard; sourceTree = "<group>"; };
		0A1312531B3D44EF00BF4150 /* Images.xcassets */ = {isa = PBXFileReference; lastKnownFileType = folder.assetcatalog; path = Images.xcassets; sourceTree = "<group>"; };
		0A1312561B3D44EF00BF4150 /* Base */ = {isa = PBXFileReference; lastKnownFileType = file.xib; name = Base; path = Base.lproj/LaunchScreen.xib; sourceTree = "<group>"; };
		0A13125C1B3D44EF00BF4150 /* Pitch PerfectTests.xctest */ = {isa = PBXFileReference; explicitFileType = wrapper.cfbundle; includeInIndex = 0; path = "Pitch PerfectTests.xctest"; sourceTree = BUILT_PRODUCTS_DIR; };
		0A1312611B3D44EF00BF4150 /* Info.plist */ = {isa = PBXFileReference; lastKnownFileType = text.plist.xml; path = Info.plist; sourceTree = "<group>"; };
		0A1312621B3D44EF00BF4150 /* Pitch_PerfectTests.swift */ = {isa = PBXFileReference; lastKnownFileType = sourcecode.swift; path = Pitch_PerfectTests.swift; sourceTree = "<group>"; };
/* End PBXFileReference section */

/* Begin PBXFrameworksBuildPhase section */
		0A1312441B3D44EF00BF4150 /* Frameworks */ = {
			isa = PBXFrameworksBuildPhase;
			buildActionMask = 2147483647;
			files = (
			);
			runOnlyForDeploymentPostprocessing = 0;
		};
		0A1312591B3D44EF00BF4150 /* Frameworks */ = {
			isa = PBXFrameworksBuildPhase;
			buildActionMask = 2147483647;
			files = (
			);
			runOnlyForDeploymentPostprocessing = 0;
		};
/* End PBXFrameworksBuildPhase section */

/* Begin PBXGroup section */
		0A13123E1B3D44EF00BF4150 = {
			isa = PBXGroup;
			children = (
				0A1312491B3D44EF00BF4150 /* Pitch Perfect */,
				0A13125F1B3D44EF00BF4150 /* Pitch PerfectTests */,
				0A1312481B3D44EF00BF4150 /* Products */,
			);
			sourceTree = "<group>";
		};
		0A1312481B3D44EF00BF4150 /* Products */ = {
			isa = PBXGroup;
			children = (
				0A1312471B3D44EF00BF4150 /* Pitch Perfect.app */,
				0A13125C1B3D44EF00BF4150 /* Pitch PerfectTests.xctest */,
			);
			name = Products;
			sourceTree = "<group>";
		};
		0A1312491B3D44EF00BF4150 /* Pitch Perfect */ = {
			isa = PBXGroup;
			children = (
				0A13124C1B3D44EF00BF4150 /* AppDelegate.swift */,
				0A13124E1B3D44EF00BF4150 /* ViewController.swift */,
				0A1312501B3D44EF00BF4150 /* Main.storyboard */,
				0A1312531B3D44EF00BF4150 /* Images.xcassets */,
				0A1312551B3D44EF00BF4150 /* LaunchScreen.xib */,
				0A13124A1B3D44EF00BF4150 /* Supporting Files */,
			);
			path = "Pitch Perfect";
			sourceTree = "<group>";
		};
		0A13124A1B3D44EF00BF4150 /* Supporting Files */ = {
			isa = PBXGroup;
			children = (
				0A13124B1B3D44EF00BF4150 /* Info.plist */,
			);
			name = "Supporting Files";
			sourceTree = "<group>";
		};
		0A13125F1B3D44EF00BF4150 /* Pitch PerfectTests */ = {
			isa = PBXGroup;
			children = (
				0A1312621B3D44EF00BF4150 /* Pitch_PerfectTests.swift */,
				0A1312601B3D44EF00BF4150 /* Supporting Files */,
			);
			path = "Pitch PerfectTests";
			sourceTree = "<group>";
		};
		0A1312601B3D44EF00BF4150 /* Supporting Files */ = {
			isa = PBXGroup;
			children = (
				0A1312611B3D44EF00BF4150 /* Info.plist */,
			);
			name = "Supporting Files";
			sourceTree = "<group>";
		};
/* End PBXGroup section */

/* Begin PBXNativeTarget section */
		0A1312461B3D44EF00BF4150 /* Pitch Perfect */ = {
			isa = PBXNativeTarget;
			buildConfigurationList = 0A1312661B3D44EF00BF4150 /* Build configuration list for PBXNativeTarget "Pitch Perfect" */;
			buildPhases = (
				0A1312431B3D44EF00BF4150 /* Sources */,
				0A1312441B3D44EF00BF4150 /* Frameworks */,
				0A1312451B3D44EF00BF4150 /* Resources */,
			);
			buildRules = (
			);
			dependencies = (
			);
			name = "Pitch Perfect";
			productName = "Pitch Perfect";
			productReference = 0A1312471B3D44EF00BF4150 /* Pitch Perfect.app */;
			productType = "com.apple.product-type.application";
		};
		0A13125B1B3D44EF00BF4150 /* Pitch PerfectTests */ = {
			isa = PBXNativeTarget;
			buildConfigurationList = 0A1312691B3D44EF00BF4150 /* Build configuration list for PBXNativeTarget "Pitch PerfectTests" */;
			buildPhases = (
				0A1312581B3D44EF00BF4150 /* Sources */,
				0A1312591B3D44EF00BF4150 /* Frameworks */,
				0A13125A1B3D44EF00BF4150 /* Resources */,
			);
			buildRules = (
			);
			dependencies = (
				0A13125E1B3D44EF00BF4150 /* PBXTargetDependency */,
			);
			name = "Pitch PerfectTests";
			productName = "Pitch PerfectTests";
			productReference = 0A13125C1B3D44EF00BF4150 /* Pitch PerfectTests.xctest */;
			productType = "com.apple.product-type.bundle.unit-test";
		};
/* End PBXNativeTarget section */

/* Begin PBXProject section */
		0A13123F1B3D44EF00BF4150 /* Project object */ = {
			isa = PBXProject;
			attributes = {
				LastUpgradeCheck = 0630;
				ORGANIZATIONNAME = "Rahul Ravindran";
				TargetAttributes = {
					0A1312461B3D44EF00BF4150 = {
						CreatedOnToolsVersion = 6.3.2;
					};
					0A13125B1B3D44EF00BF4150 = {
						CreatedOnToolsVersion = 6.3.2;
						TestTargetID = 0A1312461B3D44EF00BF4150;
					};
				};
			};
			buildConfigurationList = 0A1312421B3D44EF00BF4150 /* Build configuration list for PBXProject "Pitch Perfect" */;
			compatibilityVersion = "Xcode 3.2";
			developmentRegion = English;
			hasScannedForEncodings = 0;
			knownRegions = (
				en,
				Base,
			);
			mainGroup = 0A13123E1B3D44EF00BF4150;
			productRefGroup = 0A1312481B3D44EF00BF4150 /* Products */;
			projectDirPath = "";
			projectRoot = "";
			targets = (
				0A1312461B3D44EF00BF4150 /* Pitch Perfect */,
				0A13125B1B3D44EF00BF4150 /* Pitch PerfectTests */,
			);
		};
/* End PBXProject section */

/* Begin PBXResourcesBuildPhase section */
		0A1312451B3D44EF00BF4150 /* Resources */ = {
			isa = PBXResourcesBuildPhase;
			buildActionMask = 2147483647;
			files = (
				0A1312521B3D44EF00BF4150 /* Main.storyboard in Resources */,
				0A1312571B3D44EF00BF4150 /* LaunchScreen.xib in Resources */,
				0A1312541B3D44EF00BF4150 /* Images.xcassets in Resources */,
			);
			runOnlyForDeploymentPostprocessing = 0;
		};
		0A13125A1B3D44EF00BF4150 /* Resources */ = {
			isa = PBXResourcesBuildPhase;
			buildActionMask = 2147483647;
			files = (
			);
			runOnlyForDeploymentPostprocessing = 0;
		};
/* End PBXResourcesBuildPhase section */

/* Begin PBXSourcesBuildPhase section */
		0A1312431B3D44EF00BF4150 /* Sources */ = {
			isa = PBXSourcesBuildPhase;
			buildActionMask = 2147483647;
			files = (
				0A13124F1B3D44EF00BF4150 /* ViewController.swift in Sources */,
				0A13124D1B3D44EF00BF4150 /* AppDelegate.swift in Sources */,
			);
			runOnlyForDeploymentPostprocessing = 0;
		};
		0A1312581B3D44EF00BF4150 /* Sources */ = {
			isa = PBXSourcesBuildPhase;
			buildActionMask = 2147483647;
			files = (
				0A1312631B3D44EF00BF4150 /* Pitch_PerfectTests.swift in Sources */,
			);
			runOnlyForDeploymentPostprocessing = 0;
		};
/* End PBXSourcesBuildPhase section */

/* Begin PBXTargetDependency section */
		0A13125E1B3D44EF00BF4150 /* PBXTargetDependency */ = {
			isa = PBXTargetDependency;
			target = 0A1312461B3D44EF00BF4150 /* Pitch Perfect */;
			targetProxy = 0A13125D1B3D44EF00BF4150 /* PBXContainerItemProxy */;
		};
/* End PBXTargetDependency section */

/* Begin PBXVariantGroup section */
		0A1312501B3D44EF00BF4150 /* Main.storyboard */ = {
			isa = PBXVariantGroup;
			children = (
				0A1312511B3D44EF00BF4150 /* Base */,
			);
			name = Main.storyboard;
			sourceTree = "<group>";
		};
		0A1312551B3D44EF00BF4150 /* LaunchScreen.xib */ = {
			isa = PBXVariantGroup;
			children = (
				0A1312561B3D44EF00BF4150 /* Base */,
			);
			name = LaunchScreen.xib;
			sourceTree = "<group>";
		};
/* End PBXVariantGroup section */

/* Begin XCBuildConfiguration section */
		0A1312641B3D44EF00BF4150 /* Debug */ = {
			isa = XCBuildConfiguration;
			buildSettings = {
				ALWAYS_SEARCH_USER_PATHS = NO;
				CLANG_CXX_LANGUAGE_STANDARD = "gnu++0x";
				CLANG_CXX_LIBRARY = "libc++";
				CLANG_ENABLE_MODULES = YES;
				CLANG_ENABLE_OBJC_ARC = YES;
				CLANG_WARN_BOOL_CONVERSION = YES;
				CLANG_WARN_CONSTANT_CONVERSION = YES;
				CLANG_WARN_DIRECT_OBJC_ISA_USAGE = YES_ERROR;
				CLANG_WARN_EMPTY_BODY = YES;
				CLANG_WARN_ENUM_CONVERSION = YES;
				CLANG_WARN_INT_CONVERSION = YES;
				CLANG_WARN_OBJC_ROOT_CLASS = YES_ERROR;
				CLANG_WARN_UNREACHABLE_CODE = YES;
				CLANG_WARN__DUPLICATE_METHOD_MATCH = YES;
				"CODE_SIGN_IDENTITY[sdk=iphoneos*]" = "iPhone Developer";
				COPY_PHASE_STRIP = NO;
				DEBUG_INFORMATION_FORMAT = "dwarf-with-dsym";
				ENABLE_STRICT_OBJC_MSGSEND = YES;
				GCC_C_LANGUAGE_STANDARD = gnu99;
				GCC_DYNAMIC_NO_PIC = NO;
				GCC_NO_COMMON_BLOCKS = YES;
				GCC_OPTIMIZATION_LEVEL = 0;
				GCC_PREPROCESSOR_DEFINITIONS = (
					"DEBUG=1",
					"$(inherited)",
				);
				GCC_SYMBOLS_PRIVATE_EXTERN = NO;
				GCC_WARN_64_TO_32_BIT_CONVERSION = YES;
				GCC_WARN_ABOUT_RETURN_TYPE = YES_ERROR;
				GCC_WARN_UNDECLARED_SELECTOR = YES;
				GCC_WARN_UNINITIALIZED_AUTOS = YES_AGGRESSIVE;
				GCC_WARN_UNUSED_FUNCTION = YES;
				GCC_WARN_UNUSED_VARIABLE = YES;
				IPHONEOS_DEPLOYMENT_TARGET = 8.3;
				MTL_ENABLE_DEBUG_INFO = YES;
				ONLY_ACTIVE_ARCH = YES;
				SDKROOT = iphoneos;
				SWIFT_OPTIMIZATION_LEVEL = "-Onone";
			};
			name = Debug;
		};
		0A1312651B3D44EF00BF4150 /* Release */ = {
			isa = XCBuildConfiguration;
			buildSettings = {
				ALWAYS_SEARCH_USER_PATHS = NO;
				CLANG_CXX_LANGUAGE_STANDARD = "gnu++0x";
				CLANG_CXX_LIBRARY = "libc++";
				CLANG_ENABLE_MODULES = YES;
				CLANG_ENABLE_OBJC_ARC = YES;
				CLANG_WARN_BOOL_CONVERSION = YES;
				CLANG_WARN_CONSTANT_CONVERSION = YES;
				CLANG_WARN_DIRECT_OBJC_ISA_USAGE = YES_ERROR;
				CLANG_WARN_EMPTY_BODY = YES;
				CLANG_WARN_ENUM_CONVERSION = YES;
				CLANG_WARN_INT_CONVERSION = YES;
				CLANG_WARN_OBJC_ROOT_CLASS = YES_ERROR;
				CLANG_WARN_UNREACHABLE_CODE = YES;
				CLANG_WARN__DUPLICATE_METHOD_MATCH = YES;
				"CODE_SIGN_IDENTITY[sdk=iphoneos*]" = "iPhone Developer";
				COPY_PHASE_STRIP = NO;
				DEBUG_INFORMATION_FORMAT = "dwarf-with-dsym";
				ENABLE_NS_ASSERTIONS = NO;
				ENABLE_STRICT_OBJC_MSGSEND = YES;
				GCC_C_LANGUAGE_STANDARD = gnu99;
				GCC_NO_COMMON_BLOCKS = YES;
				GCC_WARN_64_TO_32_BIT_CONVERSION = YES;
				GCC_WARN_ABOUT_RETURN_TYPE = YES_ERROR;
				GCC_WARN_UNDECLARED_SELECTOR = YES;
				GCC_WARN_UNINITIALIZED_AUTOS = YES_AGGRESSIVE;
				GCC_WARN_UNUSED_FUNCTION = YES;
				GCC_WARN_UNUSED_VARIABLE = YES;
				IPHONEOS_DEPLOYMENT_TARGET = 8.3;
				MTL_ENABLE_DEBUG_INFO = NO;
				SDKROOT = iphoneos;
				VALIDATE_PRODUCT = YES;
			};
			name = Release;
		};
		0A1312671B3D44EF00BF4150 /* Debug */ = {
			isa = XCBuildConfiguration;
			buildSettings = {
				ASSETCATALOG_COMPILER_APPICON_NAME = AppIcon;
				INFOPLIST_FILE = "Pitch Perfect/Info.plist";
				LD_RUNPATH_SEARCH_PATHS = "$(inherited) @executable_path/Frameworks";
				PRODUCT_NAME = "$(TARGET_NAME)";
			};
			name = Debug;
		};
		0A1312681B3D44EF00BF4150 /* Release */ = {
			isa = XCBuildConfiguration;
			buildSettings = {
				ASSETCATALOG_COMPILER_APPICON_NAME = AppIcon;
				INFOPLIST_FILE = "Pitch Perfect/Info.plist";
				LD_RUNPATH_SEARCH_PATHS = "$(inherited) @executable_path/Frameworks";
				PRODUCT_NAME = "$(TARGET_NAME)";
			};
			name = Release;
		};
		0A13126A1B3D44EF00BF4150 /* Debug */ = {
			isa = XCBuildConfiguration;
			buildSettings = {
				BUNDLE_LOADER = "$(TEST_HOST)";
				FRAMEWORK_SEARCH_PATHS = (
					"$(SDKROOT)/Developer/Library/Frameworks",
					"$(inherited)",
				);
				GCC_PREPROCESSOR_DEFINITIONS = (
					"DEBUG=1",
					"$(inherited)",
				);
				INFOPLIST_FILE = "Pitch PerfectTests/Info.plist";
				LD_RUNPATH_SEARCH_PATHS = "$(inherited) @executable_path/Frameworks @loader_path/Frameworks";
				PRODUCT_NAME = "$(TARGET_NAME)";
				TEST_HOST = "$(BUILT_PRODUCTS_DIR)/Pitch Perfect.app/Pitch Perfect";
			};
			name = Debug;
		};
		0A13126B1B3D44EF00BF4150 /* Release */ = {
			isa = XCBuildConfiguration;
			buildSettings = {
				BUNDLE_LOADER = "$(TEST_HOST)";
				FRAMEWORK_SEARCH_PATHS = (
					"$(SDKROOT)/Developer/Library/Frameworks",
					"$(inherited)",
				);
				INFOPLIST_FILE = "Pitch PerfectTests/Info.plist";
				LD_RUNPATH_SEARCH_PATHS = "$(inherited) @executable_path/Frameworks @loader_path/Frameworks";
				PRODUCT_NAME = "$(TARGET_NAME)";
				TEST_HOST = "$(BUILT_PRODUCTS_DIR)/Pitch Perfect.app/Pitch Perfect";
			};
			name = Release;
		};
/* End XCBuildConfiguration section */

/* Begin XCConfigurationList section */
		0A1312421B3D44EF00BF4150 /* Build configuration list for PBXProject "Pitch Perfect" */ = {
			isa = XCConfigurationList;
			buildConfigurations = (
				0A1312641B3D44EF00BF4150 /* Debug */,
				0A1312651B3D44EF00BF4150 /* Release */,
			);
			defaultConfigurationIsVisible = 0;
			defaultConfigurationName = Release;
		};
		0A1312661B3D44EF00BF4150 /* Build configuration list for PBXNativeTarget "Pitch Perfect" */ = {
			isa = XCConfigurationList;
			buildConfigurations = (
				0A1312671B3D44EF00BF4150 /* Debug */,
				0A1312681B3D44EF00BF4150 /* Release */,
			);
			defaultConfigurationIsVisible = 0;
		};
		0A1312691B3D44EF00BF4150 /* Build configuration list for PBXNativeTarget "Pitch PerfectTests" */ = {
			isa = XCConfigurationList;
			buildConfigurations = (
				0A13126A1B3D44EF00BF4150 /* Debug */,
				0A13126B1B3D44EF00BF4150 /* Release */,
			);
			defaultConfigurationIsVisible = 0;
		};
/* End XCConfigurationList section */
	};
	rootObject = 0A13123F1B3D44EF00BF4150 /* Project object */;
}
